
Microsoft Visual Studio Solution File, Format Version 12.00
# Visual Studio 15
Project("{FAE04EC0-301F-11D3-BF4B-00C04F79EFBC}") = "Assembly-CSharp", "Assembly-CSharp.csproj", "{92CD221C-E8E8-372D-F9AB-097CEC3FF551}"
EndProject
Project("{FAE04EC0-301F-11D3-BF4B-00C04F79EFBC}") = "Assembly-CSharp-Editor", "Assembly-CSharp-Editor.csproj", "{AC1D73D8-DF00-1D63-C3F0-98A997B754FE}"
EndProject
Global
	GlobalSection(SolutionConfigurationPlatforms) = preSolution
		Debug|Any CPU = Debug|Any CPU
		Release|Any CPU = Release|Any CPU
	EndGlobalSection
	GlobalSection(ProjectConfigurationPlatforms) = postSolution
		{92CD221C-E8E8-372D-F9AB-097CEC3FF551}.Debug|Any CPU.ActiveCfg = Debug|Any CPU
		{92CD221C-E8E8-372D-F9AB-097CEC3FF551}.Debug|Any CPU.Build.0 = Debug|Any CPU
		{92CD221C-E8E8-372D-F9AB-097CEC3FF551}.Release|Any CPU.ActiveCfg = Release|Any CPU
		{92CD221C-E8E8-372D-F9AB-097CEC3FF551}.Release|Any CPU.Build.0 = Release|Any CPU
		{AC1D73D8-DF00-1D63-C3F0-98A997B754FE}.Debug|Any CPU.ActiveCfg = Debug|Any CPU
		{AC1D73D8-DF00-1D63-C3F0-98A997B754FE}.Debug|Any CPU.Build.0 = Debug|Any CPU
		{AC1D73D8-DF00-1D63-C3F0-98A997B754FE}.Release|Any CPU.ActiveCfg = Release|Any CPU
		{AC1D73D8-DF00-1D63-C3F0-98A997B754FE}.Release|Any CPU.Build.0 = Release|Any CPU
	EndGlobalSection
	GlobalSection(SolutionProperties) = preSolution
		HideSolutionNode = FALSE
	EndGlobalSection
EndGlobal
